// !$*UTF8*$!
{
	archiveVersion = 1;
	classes = {
	};
	objectVersion = 46;
	objects = {

/* Begin PBXBuildFile section */
		18014FA11C9B9E9A00ED2C3B /* main.m in Sources */ = {isa = PBXBuildFile; fileRef = 18014FA01C9B9E9A00ED2C3B /* main.m */; };
		18014FA41C9B9E9A00ED2C3B /* AppDelegate.m in Sources */ = {isa = PBXBuildFile; fileRef = 18014FA31C9B9E9A00ED2C3B /* AppDelegate.m */; };
		18014FA71C9B9E9A00ED2C3B /* ViewController.m in Sources */ = {isa = PBXBuildFile; fileRef = 18014FA61C9B9E9A00ED2C3B /* ViewController.m */; };
		18014FAA1C9B9E9A00ED2C3B /* Main.storyboard in Resources */ = {isa = PBXBuildFile; fileRef = 18014FA81C9B9E9A00ED2C3B /* Main.storyboard */; };
		18014FAC1C9B9E9A00ED2C3B /* Assets.xcassets in Resources */ = {isa = PBXBuildFile; fileRef = 18014FAB1C9B9E9A00ED2C3B /* Assets.xcassets */; };
		18014FAF1C9B9E9A00ED2C3B /* LaunchScreen.storyboard in Resources */ = {isa = PBXBuildFile; fileRef = 18014FAD1C9B9E9A00ED2C3B /* LaunchScreen.storyboard */; };
/* End PBXBuildFile section */

/* Begin PBXFileReference section */
		18014F9C1C9B9E9A00ED2C3B /* CoreLocationTest.app */ = {isa = PBXFileReference; explicitFileType = wrapper.application; includeInIndex = 0; path = CoreLocationTest.app; sourceTree = BUILT_PRODUCTS_DIR; };
		18014FA01C9B9E9A00ED2C3B /* main.m */ = {isa = PBXFileReference; lastKnownFileType = sourcecode.c.objc; path = main.m; sourceTree = "<group>"; };
		18014FA21C9B9E9A00ED2C3B /* AppDelegate.h */ = {isa = PBXFileReference; lastKnownFileType = sourcecode.c.h; path = AppDelegate.h; sourceTree = "<group>"; };
		18014FA31C9B9E9A00ED2C3B /* AppDelegate.m */ = {isa = PBXFileReference; lastKnownFileType = sourcecode.c.objc; path = AppDelegate.m; sourceTree = "<group>"; };
		18014FA51C9B9E9A00ED2C3B /* ViewController.h */ = {isa = PBXFileReference; lastKnownFileType = sourcecode.c.h; path = ViewController.h; sourceTree = "<group>"; };
		18014FA61C9B9E9A00ED2C3B /* ViewController.m */ = {isa = PBXFileReference; lastKnownFileType = sourcecode.c.objc; path = ViewController.m; sourceTree = "<group>"; };
		18014FA91C9B9E9A00ED2C3B /* Base */ = {isa = PBXFileReference; lastKnownFileType = file.storyboard; name = Base; path = Base.lproj/Main.storyboard; sourceTree = "<group>"; };
		18014FAB1C9B9E9A00ED2C3B /* Assets.xcassets */ = {isa = PBXFileReference; lastKnownFileType = folder.assetcatalog; path = Assets.xcassets; sourceTree = "<group>"; };
		18014FAE1C9B9E9A00ED2C3B /* Base */ = {isa = PBXFileReference; lastKnownFileType = file.storyboard; name = Base; path = Base.lproj/LaunchScreen.storyboard; sourceTree = "<group>"; };
		18014FB01C9B9E9A00ED2C3B /* Info.plist */ = {isa = PBXFileReference; lastKnownFileType = text.plist.xml; path = Info.plist; sourceTree = "<group>"; };
/* End PBXFileReference section */

/* Begin PBXFrameworksBuildPhase section */
		18014F991C9B9E9A00ED2C3B /* Frameworks */ = {
			isa = PBXFrameworksBuildPhase;
			buildActionMask = 2147483647;
			files = (
			);
			runOnlyForDeploymentPostprocessing = 0;
		};
/* End PBXFrameworksBuildPhase section */

/* Begin PBXGroup section */
		18014F931C9B9E9A00ED2C3B = {
			isa = PBXGroup;
			children = (
				18014F9E1C9B9E9A00ED2C3B /* CoreLocationTest */,
				18014F9D1C9B9E9A00ED2C3B /* Products */,
			);
			sourceTree = "<group>";
		};
		18014F9D1C9B9E9A00ED2C3B /* Products */ = {
			isa = PBXGroup;
			children = (
				18014F9C1C9B9E9A00ED2C3B /* CoreLocationTest.app */,
			);
			name = Products;
			sourceTree = "<group>";
		};
		18014F9E1C9B9E9A00ED2C3B /* CoreLocationTest */ = {
			isa = PBXGroup;
			children = (
				18014FA21C9B9E9A00ED2C3B /* AppDelegate.h */,
				18014FA31C9B9E9A00ED2C3B /* AppDelegate.m */,
				18014FA51C9B9E9A00ED2C3B /* ViewController.h */,
				18014FA61C9B9E9A00ED2C3B /* ViewController.m */,
				18014FA81C9B9E9A00ED2C3B /* Main.storyboard */,
				18014FAB1C9B9E9A00ED2C3B /* Assets.xcassets */,
				18014FAD1C9B9E9A00ED2C3B /* LaunchScreen.storyboard */,
				18014FB01C9B9E9A00ED2C3B /* Info.plist */,
				18014F9F1C9B9E9A00ED2C3B /* Supporting Files */,
			);
			path = CoreLocationTest;
			sourceTree = "<group>";
		};
		18014F9F1C9B9E9A00ED2C3B /* Supporting Files */ = {
			isa = PBXGroup;
			children = (
				18014FA01C9B9E9A00ED2C3B /* main.m */,
			);
			name = "Supporting Files";
			sourceTree = "<group>";
		};
/* End PBXGroup section */

/* Begin PBXNativeTarget section */
		18014F9B1C9B9E9A00ED2C3B /* CoreLocationTest */ = {
			isa = PBXNativeTarget;
			buildConfigurationList = 18014FB31C9B9E9A00ED2C3B /* Build configuration list for PBXNativeTarget "CoreLocationTest" */;
			buildPhases = (
				18014F981C9B9E9A00ED2C3B /* Sources */,
				18014F991C9B9E9A00ED2C3B /* Frameworks */,
				18014F9A1C9B9E9A00ED2C3B /* Resources */,
			);
			buildRules = (
			);
			dependencies = (
			);
			name = CoreLocationTest;
			productName = CoreLocationTest;
			productReference = 18014F9C1C9B9E9A00ED2C3B /* CoreLocationTest.app */;
			productType = "com.apple.product-type.application";
		};
/* End PBXNativeTarget section */

/* Begin PBXProject section */
		18014F941C9B9E9A00ED2C3B /* Project object */ = {
			isa = PBXProject;
			attributes = {
				LastUpgradeCheck = 0720;
				ORGANIZATIONNAME = apple;
				TargetAttributes = {
					18014F9B1C9B9E9A00ED2C3B = {
						CreatedOnToolsVersion = 7.2.1;
						DevelopmentTeam = CKUF38R4M7;
						SystemCapabilities = {
							com.apple.BackgroundModes = {
								enabled = 1;
							};
						};
					};
				};
			};
			buildConfigurationList = 18014F971C9B9E9A00ED2C3B /* Build configuration list for PBXProject "CoreLocationTest" */;
			compatibilityVersion = "Xcode 3.2";
			developmentRegion = English;
			hasScannedForEncodings = 0;
			knownRegions = (
				en,
				Base,
			);
			mainGroup = 18014F931C9B9E9A00ED2C3B;
			productRefGroup = 18014F9D1C9B9E9A00ED2C3B /* Products */;
			projectDirPath = "";
			projectRoot = "";
			targets = (
				18014F9B1C9B9E9A00ED2C3B /* CoreLocationTest */,
			);
		};
/* End PBXProject section */

/* Begin PBXResourcesBuildPhase section */
		18014F9A1C9B9E9A00ED2C3B /* Resources */ = {
			isa = PBXResourcesBuildPhase;
			buildActionMask = 2147483647;
			files = (
				18014FAF1C9B9E9A00ED2C3B /* LaunchScreen.storyboard in Resources */,
				18014FAC1C9B9E9A00ED2C3B /* Assets.xcassets in Resources */,
				18014FAA1C9B9E9A00ED2C3B /* Main.storyboard in Resources */,
			);
			runOnlyForDeploymentPostprocessing = 0;
		};
/* End PBXResourcesBuildPhase section */

/* Begin PBXSourcesBuildPhase section */
		18014F981C9B9E9A00ED2C3B /* Sources */ = {
			isa = PBXSourcesBuildPhase;
			buildActionMask = 2147483647;
			files = (
				18014FA71C9B9E9A00ED2C3B /* ViewController.m in Sources */,
				18014FA41C9B9E9A00ED2C3B /* AppDelegate.m in Sources */,
				18014FA11C9B9E9A00ED2C3B /* main.m in Sources */,
			);
			runOnlyForDeploymentPostprocessing = 0;
		};
/* End PBXSourcesBuildPhase section */

/* Begin PBXVariantGroup section */
		18014FA81C9B9E9A00ED2C3B /* Main.storyboard */ = {
			isa = PBXVariantGroup;
			children = (
				18014FA91C9B9E9A00ED2C3B /* Base */,
			);
			name = Main.storyboard;
			sourceTree = "<group>";
		};
		18014FAD1C9B9E9A00ED2C3B /* LaunchScreen.storyboard */ = {
			isa = PBXVariantGroup;
			children = (
				18014FAE1C9B9E9A00ED2C3B /* Base */,
			);
			name = LaunchScreen.storyboard;
			sourceTree = "<group>";
		};
/* End PBXVariantGroup section */

/* Begin XCBuildConfiguration section */
		18014FB11C9B9E9A00ED2C3B /* Debug */ = {
			isa = XCBuildConfiguration;
			buildSettings = {
				ALWAYS_SEARCH_USER_PATHS = NO;
				CLANG_CXX_LANGUAGE_STANDARD = "gnu++0x";
				CLANG_CXX_LIBRARY = "libc++";
				CLANG_ENABLE_MODULES = YES;
				CLANG_ENABLE_OBJC_ARC = YES;
				CLANG_WARN_BOOL_CONVERSION = YES;
				CLANG_WARN_CONSTANT_CONVERSION = YES;
				CLANG_WARN_DIRECT_OBJC_ISA_USAGE = YES_ERROR;
				CLANG_WARN_EMPTY_BODY = YES;
				CLANG_WARN_ENUM_CONVERSION = YES;
				CLANG_WARN_INT_CONVERSION = YES;
				CLANG_WARN_OBJC_ROOT_CLASS = YES_ERROR;
				CLANG_WARN_UNREACHABLE_CODE = YES;
				CLANG_WARN__DUPLICATE_METHOD_MATCH = YES;
				"CODE_SIGN_IDENTITY[sdk=iphoneos*]" = "iPhone Developer";
				COPY_PHASE_STRIP = NO;
				DEBUG_INFORMATION_FORMAT = dwarf;
				ENABLE_STRICT_OBJC_MSGSEND = YES;
				ENABLE_TESTABILITY = YES;
				GCC_C_LANGUAGE_STANDARD = gnu99;
				GCC_DYNAMIC_NO_PIC = NO;
				GCC_NO_COMMON_BLOCKS = YES;
				GCC_OPTIMIZATION_LEVEL = 0;
				GCC_PREPROCESSOR_DEFINITIONS = (
					"DEBUG=1",
					"$(inherited)",
				);
				GCC_WARN_64_TO_32_BIT_CONVERSION = YES;
				GCC_WARN_ABOUT_RETURN_TYPE = YES_ERROR;
				GCC_WARN_UNDECLARED_SELECTOR = YES;
				GCC_WARN_UNINITIALIZED_AUTOS = YES_AGGRESSIVE;
				GCC_WARN_UNUSED_FUNCTION = YES;
				GCC_WARN_UNUSED_VARIABLE = YES;
				IPHONEOS_DEPLOYMENT_TARGET = 9.2;
				MTL_ENABLE_DEBUG_INFO = YES;
				ONLY_ACTIVE_ARCH = YES;
				SDKROOT = iphoneos;
			};
			name = Debug;
		};
		18014FB21C9B9E9A00ED2C3B /* Release */ = {
			isa = XCBuildConfiguration;
			buildSettings = {
				ALWAYS_SEARCH_USER_PATHS = NO;
				CLANG_CXX_LANGUAGE_STANDARD = "gnu++0x";
				CLANG_CXX_LIBRARY = "libc++";
				CLANG_ENABLE_MODULES = YES;
				CLANG_ENABLE_OBJC_ARC = YES;
				CLANG_WARN_BOOL_CONVERSION = YES;
				CLANG_WARN_CONSTANT_CONVERSION = YES;
				CLANG_WARN_DIRECT_OBJC_ISA_USAGE = YES_ERROR;
				CLANG_WARN_EMPTY_BODY = YES;
				CLANG_WARN_ENUM_CONVERSION = YES;
				CLANG_WARN_INT_CONVERSION = YES;
				CLANG_WARN_OBJC_ROOT_CLASS = YES_ERROR;
				CLANG_WARN_UNREACHABLE_CODE = YES;
				CLANG_WARN__DUPLICATE_METHOD_MATCH = YES;
				"CODE_SIGN_IDENTITY[sdk=iphoneos*]" = "iPhone Developer";
				COPY_PHASE_STRIP = NO;
				DEBUG_INFORMATION_FORMAT = "dwarf-with-dsym";
				ENABLE_NS_ASSERTIONS = NO;
				ENABLE_STRICT_OBJC_MSGSEND = YES;
				GCC_C_LANGUAGE_STANDARD = gnu99;
				GCC_NO_COMMON_BLOCKS = YES;
				GCC_WARN_64_TO_32_BIT_CONVERSION = YES;
				GCC_WARN_ABOUT_RETURN_TYPE = YES_ERROR;
				GCC_WARN_UNDECLARED_SELECTOR = YES;
				GCC_WARN_UNINITIALIZED_AUTOS = YES_AGGRESSIVE;
				GCC_WARN_UNUSED_FUNCTION = YES;
				GCC_WARN_UNUSED_VARIABLE = YES;
				IPHONEOS_DEPLOYMENT_TARGET = 9.2;
				MTL_ENABLE_DEBUG_INFO = NO;
				SDKROOT = iphoneos;
				VALIDATE_PRODUCT = YES;
			};
			name = Release;
		};
		18014FB41C9B9E9A00ED2C3B /* Debug */ = {
			isa = XCBuildConfiguration;
			buildSettings = {
				ASSETCATALOG_COMPILER_APPICON_NAME = AppIcon;
				INFOPLIST_FILE = CoreLocationTest/Info.plist;
				LD_RUNPATH_SEARCH_PATHS = "$(inherited) @executable_path/Frameworks";
				PRODUCT_BUNDLE_IDENTIFIER = YH.CoreLocationTest;
				PRODUCT_NAME = "$(TARGET_NAME)";
			};
			name = Debug;
		};
		18014FB51C9B9E9A00ED2C3B /* Release */ = {
			isa = XCBuildConfiguration;
			buildSettings = {
				ASSETCATALOG_COMPILER_APPICON_NAME = AppIcon;
				INFOPLIST_FILE = CoreLocationTest/Info.plist;
				LD_RUNPATH_SEARCH_PATHS = "$(inherited) @executable_path/Frameworks";
				PRODUCT_BUNDLE_IDENTIFIER = YH.CoreLocationTest;
				PRODUCT_NAME = "$(TARGET_NAME)";
			};
			name = Release;
		};
/* End XCBuildConfiguration section */

/* Begin XCConfigurationList section */
		18014F971C9B9E9A00ED2C3B /* Build configuration list for PBXProject "CoreLocationTest" */ = {
			isa = XCConfigurationList;
			buildConfigurations = (
				18014FB11C9B9E9A00ED2C3B /* Debug */,
				18014FB21C9B9E9A00ED2C3B /* Release */,
			);
			defaultConfigurationIsVisible = 0;
			defaultConfigurationName = Release;
		};
		18014FB31C9B9E9A00ED2C3B /* Build configuration list for PBXNativeTarget "CoreLocationTest" */ = {
			isa = XCConfigurationList;
			buildConfigurations = (
				18014FB41C9B9E9A00ED2C3B /* Debug */,
				18014FB51C9B9E9A00ED2C3B /* Release */,
			);
			defaultConfigurationIsVisible = 0;
		};
/* End XCConfigurationList section */
	};
	rootObject = 18014F941C9B9E9A00ED2C3B /* Project object */;
}
