// !$*UTF8*$!
{
	archiveVersion = 1;
	classes = {
	};
	objectVersion = 46;
	objects = {

/* Begin PBXBuildFile section */
		18AD579E1C5A10C300C4D31E /* main.m in Sources */ = {isa = PBXBuildFile; fileRef = 18AD579D1C5A10C300C4D31E /* main.m */; };
		18AD57A11C5A10C300C4D31E /* AppDelegate.m in Sources */ = {isa = PBXBuildFile; fileRef = 18AD57A01C5A10C300C4D31E /* AppDelegate.m */; };
		18AD57A41C5A10C300C4D31E /* ViewController.m in Sources */ = {isa = PBXBuildFile; fileRef = 18AD57A31C5A10C300C4D31E /* ViewController.m */; };
		18AD57A71C5A10C300C4D31E /* Main.storyboard in Resources */ = {isa = PBXBuildFile; fileRef = 18AD57A51C5A10C300C4D31E /* Main.storyboard */; };
		18AD57A91C5A10C300C4D31E /* Assets.xcassets in Resources */ = {isa = PBXBuildFile; fileRef = 18AD57A81C5A10C300C4D31E /* Assets.xcassets */; };
		18AD57AC1C5A10C300C4D31E /* LaunchScreen.storyboard in Resources */ = {isa = PBXBuildFile; fileRef = 18AD57AA1C5A10C300C4D31E /* LaunchScreen.storyboard */; };
/* End PBXBuildFile section */

/* Begin PBXFileReference section */
		18AD57991C5A10C300C4D31E /* UIActionSheetTest.app */ = {isa = PBXFileReference; explicitFileType = wrapper.application; includeInIndex = 0; path = UIActionSheetTest.app; sourceTree = BUILT_PRODUCTS_DIR; };
		18AD579D1C5A10C300C4D31E /* main.m */ = {isa = PBXFileReference; lastKnownFileType = sourcecode.c.objc; path = main.m; sourceTree = "<group>"; };
		18AD579F1C5A10C300C4D31E /* AppDelegate.h */ = {isa = PBXFileReference; lastKnownFileType = sourcecode.c.h; path = AppDelegate.h; sourceTree = "<group>"; };
		18AD57A01C5A10C300C4D31E /* AppDelegate.m */ = {isa = PBXFileReference; lastKnownFileType = sourcecode.c.objc; path = AppDelegate.m; sourceTree = "<group>"; };
		18AD57A21C5A10C300C4D31E /* ViewController.h */ = {isa = PBXFileReference; lastKnownFileType = sourcecode.c.h; path = ViewController.h; sourceTree = "<group>"; };
		18AD57A31C5A10C300C4D31E /* ViewController.m */ = {isa = PBXFileReference; lastKnownFileType = sourcecode.c.objc; path = ViewController.m; sourceTree = "<group>"; };
		18AD57A61C5A10C300C4D31E /* Base */ = {isa = PBXFileReference; lastKnownFileType = file.storyboard; name = Base; path = Base.lproj/Main.storyboard; sourceTree = "<group>"; };
		18AD57A81C5A10C300C4D31E /* Assets.xcassets */ = {isa = PBXFileReference; lastKnownFileType = folder.assetcatalog; path = Assets.xcassets; sourceTree = "<group>"; };
		18AD57AB1C5A10C300C4D31E /* Base */ = {isa = PBXFileReference; lastKnownFileType = file.storyboard; name = Base; path = Base.lproj/LaunchScreen.storyboard; sourceTree = "<group>"; };
		18AD57AD1C5A10C300C4D31E /* Info.plist */ = {isa = PBXFileReference; lastKnownFileType = text.plist.xml; path = Info.plist; sourceTree = "<group>"; };
/* End PBXFileReference section */

/* Begin PBXFrameworksBuildPhase section */
		18AD57961C5A10C300C4D31E /* Frameworks */ = {
			isa = PBXFrameworksBuildPhase;
			buildActionMask = 2147483647;
			files = (
			);
			runOnlyForDeploymentPostprocessing = 0;
		};
/* End PBXFrameworksBuildPhase section */

/* Begin PBXGroup section */
		18AD57901C5A10C300C4D31E = {
			isa = PBXGroup;
			children = (
				18AD579B1C5A10C300C4D31E /* UIActionSheetTest */,
				18AD579A1C5A10C300C4D31E /* Products */,
			);
			sourceTree = "<group>";
		};
		18AD579A1C5A10C300C4D31E /* Products */ = {
			isa = PBXGroup;
			children = (
				18AD57991C5A10C300C4D31E /* UIActionSheetTest.app */,
			);
			name = Products;
			sourceTree = "<group>";
		};
		18AD579B1C5A10C300C4D31E /* UIActionSheetTest */ = {
			isa = PBXGroup;
			children = (
				18AD579F1C5A10C300C4D31E /* AppDelegate.h */,
				18AD57A01C5A10C300C4D31E /* AppDelegate.m */,
				18AD57A21C5A10C300C4D31E /* ViewController.h */,
				18AD57A31C5A10C300C4D31E /* ViewController.m */,
				18AD57A51C5A10C300C4D31E /* Main.storyboard */,
				18AD57A81C5A10C300C4D31E /* Assets.xcassets */,
				18AD57AA1C5A10C300C4D31E /* LaunchScreen.storyboard */,
				18AD57AD1C5A10C300C4D31E /* Info.plist */,
				18AD579C1C5A10C300C4D31E /* Supporting Files */,
			);
			path = UIActionSheetTest;
			sourceTree = "<group>";
		};
		18AD579C1C5A10C300C4D31E /* Supporting Files */ = {
			isa = PBXGroup;
			children = (
				18AD579D1C5A10C300C4D31E /* main.m */,
			);
			name = "Supporting Files";
			sourceTree = "<group>";
		};
/* End PBXGroup section */

/* Begin PBXNativeTarget section */
		18AD57981C5A10C300C4D31E /* UIActionSheetTest */ = {
			isa = PBXNativeTarget;
			buildConfigurationList = 18AD57B01C5A10C300C4D31E /* Build configuration list for PBXNativeTarget "UIActionSheetTest" */;
			buildPhases = (
				18AD57951C5A10C300C4D31E /* Sources */,
				18AD57961C5A10C300C4D31E /* Frameworks */,
				18AD57971C5A10C300C4D31E /* Resources */,
			);
			buildRules = (
			);
			dependencies = (
			);
			name = UIActionSheetTest;
			productName = UIActionSheetTest;
			productReference = 18AD57991C5A10C300C4D31E /* UIActionSheetTest.app */;
			productType = "com.apple.product-type.application";
		};
/* End PBXNativeTarget section */

/* Begin PBXProject section */
		18AD57911C5A10C300C4D31E /* Project object */ = {
			isa = PBXProject;
			attributes = {
				LastUpgradeCheck = 0710;
				ORGANIZATIONNAME = apple;
				TargetAttributes = {
					18AD57981C5A10C300C4D31E = {
						CreatedOnToolsVersion = 7.1;
					};
				};
			};
			buildConfigurationList = 18AD57941C5A10C300C4D31E /* Build configuration list for PBXProject "UIActionSheetTest" */;
			compatibilityVersion = "Xcode 3.2";
			developmentRegion = English;
			hasScannedForEncodings = 0;
			knownRegions = (
				en,
				Base,
			);
			mainGroup = 18AD57901C5A10C300C4D31E;
			productRefGroup = 18AD579A1C5A10C300C4D31E /* Products */;
			projectDirPath = "";
			projectRoot = "";
			targets = (
				18AD57981C5A10C300C4D31E /* UIActionSheetTest */,
			);
		};
/* End PBXProject section */

/* Begin PBXResourcesBuildPhase section */
		18AD57971C5A10C300C4D31E /* Resources */ = {
			isa = PBXResourcesBuildPhase;
			buildActionMask = 2147483647;
			files = (
				18AD57AC1C5A10C300C4D31E /* LaunchScreen.storyboard in Resources */,
				18AD57A91C5A10C300C4D31E /* Assets.xcassets in Resources */,
				18AD57A71C5A10C300C4D31E /* Main.storyboard in Resources */,
			);
			runOnlyForDeploymentPostprocessing = 0;
		};
/* End PBXResourcesBuildPhase section */

/* Begin PBXSourcesBuildPhase section */
		18AD57951C5A10C300C4D31E /* Sources */ = {
			isa = PBXSourcesBuildPhase;
			buildActionMask = 2147483647;
			files = (
				18AD57A41C5A10C300C4D31E /* ViewController.m in Sources */,
				18AD57A11C5A10C300C4D31E /* AppDelegate.m in Sources */,
				18AD579E1C5A10C300C4D31E /* main.m in Sources */,
			);
			runOnlyForDeploymentPostprocessing = 0;
		};
/* End PBXSourcesBuildPhase section */

/* Begin PBXVariantGroup section */
		18AD57A51C5A10C300C4D31E /* Main.storyboard */ = {
			isa = PBXVariantGroup;
			children = (
				18AD57A61C5A10C300C4D31E /* Base */,
			);
			name = Main.storyboard;
			sourceTree = "<group>";
		};
		18AD57AA1C5A10C300C4D31E /* LaunchScreen.storyboard */ = {
			isa = PBXVariantGroup;
			children = (
				18AD57AB1C5A10C300C4D31E /* Base */,
			);
			name = LaunchScreen.storyboard;
			sourceTree = "<group>";
		};
/* End PBXVariantGroup section */

/* Begin XCBuildConfiguration section */
		18AD57AE1C5A10C300C4D31E /* Debug */ = {
			isa = XCBuildConfiguration;
			buildSettings = {
				ALWAYS_SEARCH_USER_PATHS = NO;
				CLANG_CXX_LANGUAGE_STANDARD = "gnu++0x";
				CLANG_CXX_LIBRARY = "libc++";
				CLANG_ENABLE_MODULES = YES;
				CLANG_ENABLE_OBJC_ARC = YES;
				CLANG_WARN_BOOL_CONVERSION = YES;
				CLANG_WARN_CONSTANT_CONVERSION = YES;
				CLANG_WARN_DIRECT_OBJC_ISA_USAGE = YES_ERROR;
				CLANG_WARN_EMPTY_BODY = YES;
				CLANG_WARN_ENUM_CONVERSION = YES;
				CLANG_WARN_INT_CONVERSION = YES;
				CLANG_WARN_OBJC_ROOT_CLASS = YES_ERROR;
				CLANG_WARN_UNREACHABLE_CODE = YES;
				CLANG_WARN__DUPLICATE_METHOD_MATCH = YES;
				"CODE_SIGN_IDENTITY[sdk=iphoneos*]" = "iPhone Developer";
				COPY_PHASE_STRIP = NO;
				DEBUG_INFORMATION_FORMAT = dwarf;
				ENABLE_STRICT_OBJC_MSGSEND = YES;
				ENABLE_TESTABILITY = YES;
				GCC_C_LANGUAGE_STANDARD = gnu99;
				GCC_DYNAMIC_NO_PIC = NO;
				GCC_NO_COMMON_BLOCKS = YES;
				GCC_OPTIMIZATION_LEVEL = 0;
				GCC_PREPROCESSOR_DEFINITIONS = (
					"DEBUG=1",
					"$(inherited)",
				);
				GCC_WARN_64_TO_32_BIT_CONVERSION = YES;
				GCC_WARN_ABOUT_RETURN_TYPE = YES_ERROR;
				GCC_WARN_UNDECLARED_SELECTOR = YES;
				GCC_WARN_UNINITIALIZED_AUTOS = YES_AGGRESSIVE;
				GCC_WARN_UNUSED_FUNCTION = YES;
				GCC_WARN_UNUSED_VARIABLE = YES;
				IPHONEOS_DEPLOYMENT_TARGET = 9.1;
				MTL_ENABLE_DEBUG_INFO = YES;
				ONLY_ACTIVE_ARCH = YES;
				SDKROOT = iphoneos;
			};
			name = Debug;
		};
		18AD57AF1C5A10C300C4D31E /* Release */ = {
			isa = XCBuildConfiguration;
			buildSettings = {
				ALWAYS_SEARCH_USER_PATHS = NO;
				CLANG_CXX_LANGUAGE_STANDARD = "gnu++0x";
				CLANG_CXX_LIBRARY = "libc++";
				CLANG_ENABLE_MODULES = YES;
				CLANG_ENABLE_OBJC_ARC = YES;
				CLANG_WARN_BOOL_CONVERSION = YES;
				CLANG_WARN_CONSTANT_CONVERSION = YES;
				CLANG_WARN_DIRECT_OBJC_ISA_USAGE = YES_ERROR;
				CLANG_WARN_EMPTY_BODY = YES;
				CLANG_WARN_ENUM_CONVERSION = YES;
				CLANG_WARN_INT_CONVERSION = YES;
				CLANG_WARN_OBJC_ROOT_CLASS = YES_ERROR;
				CLANG_WARN_UNREACHABLE_CODE = YES;
				CLANG_WARN__DUPLICATE_METHOD_MATCH = YES;
				"CODE_SIGN_IDENTITY[sdk=iphoneos*]" = "iPhone Developer";
				COPY_PHASE_STRIP = NO;
				DEBUG_INFORMATION_FORMAT = "dwarf-with-dsym";
				ENABLE_NS_ASSERTIONS = NO;
				ENABLE_STRICT_OBJC_MSGSEND = YES;
				GCC_C_LANGUAGE_STANDARD = gnu99;
				GCC_NO_COMMON_BLOCKS = YES;
				GCC_WARN_64_TO_32_BIT_CONVERSION = YES;
				GCC_WARN_ABOUT_RETURN_TYPE = YES_ERROR;
				GCC_WARN_UNDECLARED_SELECTOR = YES;
				GCC_WARN_UNINITIALIZED_AUTOS = YES_AGGRESSIVE;
				GCC_WARN_UNUSED_FUNCTION = YES;
				GCC_WARN_UNUSED_VARIABLE = YES;
				IPHONEOS_DEPLOYMENT_TARGET = 9.1;
				MTL_ENABLE_DEBUG_INFO = NO;
				SDKROOT = iphoneos;
				VALIDATE_PRODUCT = YES;
			};
			name = Release;
		};
		18AD57B11C5A10C300C4D31E /* Debug */ = {
			isa = XCBuildConfiguration;
			buildSettings = {
				ASSETCATALOG_COMPILER_APPICON_NAME = AppIcon;
				INFOPLIST_FILE = UIActionSheetTest/Info.plist;
				LD_RUNPATH_SEARCH_PATHS = "$(inherited) @executable_path/Frameworks";
				PRODUCT_BUNDLE_IDENTIFIER = YH.UIActionSheetTest;
				PRODUCT_NAME = "$(TARGET_NAME)";
			};
			name = Debug;
		};
		18AD57B21C5A10C300C4D31E /* Release */ = {
			isa = XCBuildConfiguration;
			buildSettings = {
				ASSETCATALOG_COMPILER_APPICON_NAME = AppIcon;
				INFOPLIST_FILE = UIActionSheetTest/Info.plist;
				LD_RUNPATH_SEARCH_PATHS = "$(inherited) @executable_path/Frameworks";
				PRODUCT_BUNDLE_IDENTIFIER = YH.UIActionSheetTest;
				PRODUCT_NAME = "$(TARGET_NAME)";
			};
			name = Release;
		};
/* End XCBuildConfiguration section */

/* Begin XCConfigurationList section */
		18AD57941C5A10C300C4D31E /* Build configuration list for PBXProject "UIActionSheetTest" */ = {
			isa = XCConfigurationList;
			buildConfigurations = (
				18AD57AE1C5A10C300C4D31E /* Debug */,
				18AD57AF1C5A10C300C4D31E /* Release */,
			);
			defaultConfigurationIsVisible = 0;
			defaultConfigurationName = Release;
		};
		18AD57B01C5A10C300C4D31E /* Build configuration list for PBXNativeTarget "UIActionSheetTest" */ = {
			isa = XCConfigurationList;
			buildConfigurations = (
				18AD57B11C5A10C300C4D31E /* Debug */,
				18AD57B21C5A10C300C4D31E /* Release */,
			);
			defaultConfigurationIsVisible = 0;
		};
/* End XCConfigurationList section */
	};
	rootObject = 18AD57911C5A10C300C4D31E /* Project object */;
}
